// !$*UTF8*$!
{
	archiveVersion = 1;
	classes = {
	};
	objectVersion = 50;
	objects = {

/* Begin PBXBuildFile section */
		9055E0E32257CDE0005B5EA2 /* AppDelegate.swift in Sources */ = {isa = PBXBuildFile; fileRef = 9055E0E22257CDE0005B5EA2 /* AppDelegate.swift */; };
		9055E0E52257CDE0005B5EA2 /* ViewController.swift in Sources */ = {isa = PBXBuildFile; fileRef = 9055E0E42257CDE0005B5EA2 /* ViewController.swift */; };
		9055E0E82257CDE0005B5EA2 /* Main.storyboard in Resources */ = {isa = PBXBuildFile; fileRef = 9055E0E62257CDE0005B5EA2 /* Main.storyboard */; };
		9055E0EA2257CDE1005B5EA2 /* Assets.xcassets in Resources */ = {isa = PBXBuildFile; fileRef = 9055E0E92257CDE1005B5EA2 /* Assets.xcassets */; };
		9055E0ED2257CDE1005B5EA2 /* LaunchScreen.storyboard in Resources */ = {isa = PBXBuildFile; fileRef = 9055E0EB2257CDE1005B5EA2 /* LaunchScreen.storyboard */; };
		9055E0F52257CE2C005B5EA2 /* Data.swift in Sources */ = {isa = PBXBuildFile; fileRef = 9055E0F42257CE2C005B5EA2 /* Data.swift */; };
		9055E0F72257D840005B5EA2 /* APITwitterDelegate.swift in Sources */ = {isa = PBXBuildFile; fileRef = 9055E0F62257D840005B5EA2 /* APITwitterDelegate.swift */; };
		9055E0FB2257D95A005B5EA2 /* APIController.swift in Sources */ = {isa = PBXBuildFile; fileRef = 9055E0FA2257D95A005B5EA2 /* APIController.swift */; };
		9055E1002258EF6F005B5EA2 /* TweetInfoCell.swift in Sources */ = {isa = PBXBuildFile; fileRef = 9055E0FF2258EF6F005B5EA2 /* TweetInfoCell.swift */; };
/* End PBXBuildFile section */

/* Begin PBXFileReference section */
		9055E0DF2257CDE0005B5EA2 /* Tweety.app */ = {isa = PBXFileReference; explicitFileType = wrapper.application; includeInIndex = 0; path = Tweety.app; sourceTree = BUILT_PRODUCTS_DIR; };
		9055E0E22257CDE0005B5EA2 /* AppDelegate.swift */ = {isa = PBXFileReference; lastKnownFileType = sourcecode.swift; path = AppDelegate.swift; sourceTree = "<group>"; };
		9055E0E42257CDE0005B5EA2 /* ViewController.swift */ = {isa = PBXFileReference; lastKnownFileType = sourcecode.swift; path = ViewController.swift; sourceTree = "<group>"; };
		9055E0E72257CDE0005B5EA2 /* Base */ = {isa = PBXFileReference; lastKnownFileType = file.storyboard; name = Base; path = Base.lproj/Main.storyboard; sourceTree = "<group>"; };
		9055E0E92257CDE1005B5EA2 /* Assets.xcassets */ = {isa = PBXFileReference; lastKnownFileType = folder.assetcatalog; path = Assets.xcassets; sourceTree = "<group>"; };
		9055E0EC2257CDE1005B5EA2 /* Base */ = {isa = PBXFileReference; lastKnownFileType = file.storyboard; name = Base; path = Base.lproj/LaunchScreen.storyboard; sourceTree = "<group>"; };
		9055E0EE2257CDE1005B5EA2 /* Info.plist */ = {isa = PBXFileReference; lastKnownFileType = text.plist.xml; path = Info.plist; sourceTree = "<group>"; };
		9055E0F42257CE2C005B5EA2 /* Data.swift */ = {isa = PBXFileReference; lastKnownFileType = sourcecode.swift; path = Data.swift; sourceTree = "<group>"; };
		9055E0F62257D840005B5EA2 /* APITwitterDelegate.swift */ = {isa = PBXFileReference; lastKnownFileType = sourcecode.swift; path = APITwitterDelegate.swift; sourceTree = "<group>"; };
		9055E0FA2257D95A005B5EA2 /* APIController.swift */ = {isa = PBXFileReference; lastKnownFileType = sourcecode.swift; path = APIController.swift; sourceTree = "<group>"; };
		9055E0FF2258EF6F005B5EA2 /* TweetInfoCell.swift */ = {isa = PBXFileReference; lastKnownFileType = sourcecode.swift; path = TweetInfoCell.swift; sourceTree = "<group>"; };
/* End PBXFileReference section */

/* Begin PBXFrameworksBuildPhase section */
		9055E0DC2257CDE0005B5EA2 /* Frameworks */ = {
			isa = PBXFrameworksBuildPhase;
			buildActionMask = 2147483647;
			files = (
			);
			runOnlyForDeploymentPostprocessing = 0;
		};
/* End PBXFrameworksBuildPhase section */

/* Begin PBXGroup section */
		9055E0D62257CDE0005B5EA2 = {
			isa = PBXGroup;
			children = (
				9055E0E12257CDE0005B5EA2 /* Tweety */,
				9055E0E02257CDE0005B5EA2 /* Products */,
			);
			sourceTree = "<group>";
		};
		9055E0E02257CDE0005B5EA2 /* Products */ = {
			isa = PBXGroup;
			children = (
				9055E0DF2257CDE0005B5EA2 /* Tweety.app */,
			);
			name = Products;
			sourceTree = "<group>";
		};
		9055E0E12257CDE0005B5EA2 /* Tweety */ = {
			isa = PBXGroup;
			children = (
				9055E0F62257D840005B5EA2 /* APITwitterDelegate.swift */,
				9055E0E22257CDE0005B5EA2 /* AppDelegate.swift */,
				9055E0FC2258DC86005B5EA2 /* Model */,
				9055E0FE2258DCA8005B5EA2 /* View */,
				9055E0FD2258DC8E005B5EA2 /* Controller */,
				9055E0E92257CDE1005B5EA2 /* Assets.xcassets */,
				9055E0EB2257CDE1005B5EA2 /* LaunchScreen.storyboard */,
				9055E0EE2257CDE1005B5EA2 /* Info.plist */,
			);
			path = Tweety;
			sourceTree = "<group>";
		};
		9055E0FC2258DC86005B5EA2 /* Model */ = {
			isa = PBXGroup;
			children = (
				9055E0F42257CE2C005B5EA2 /* Data.swift */,
			);
			path = Model;
			sourceTree = "<group>";
		};
		9055E0FD2258DC8E005B5EA2 /* Controller */ = {
			isa = PBXGroup;
			children = (
				9055E0E42257CDE0005B5EA2 /* ViewController.swift */,
				9055E0FA2257D95A005B5EA2 /* APIController.swift */,
			);
			path = Controller;
			sourceTree = "<group>";
		};
		9055E0FE2258DCA8005B5EA2 /* View */ = {
			isa = PBXGroup;
			children = (
				9055E0E62257CDE0005B5EA2 /* Main.storyboard */,
				9055E0FF2258EF6F005B5EA2 /* TweetInfoCell.swift */,
			);
			path = View;
			sourceTree = "<group>";
		};
/* End PBXGroup section */

/* Begin PBXNativeTarget section */
		9055E0DE2257CDE0005B5EA2 /* Tweety */ = {
			isa = PBXNativeTarget;
			buildConfigurationList = 9055E0F12257CDE1005B5EA2 /* Build configuration list for PBXNativeTarget "Tweety" */;
			buildPhases = (
				9055E0DB2257CDE0005B5EA2 /* Sources */,
				9055E0DC2257CDE0005B5EA2 /* Frameworks */,
				9055E0DD2257CDE0005B5EA2 /* Resources */,
			);
			buildRules = (
			);
			dependencies = (
			);
			name = Tweety;
			productName = Tweety;
			productReference = 9055E0DF2257CDE0005B5EA2 /* Tweety.app */;
			productType = "com.apple.product-type.application";
		};
/* End PBXNativeTarget section */

/* Begin PBXProject section */
		9055E0D72257CDE0005B5EA2 /* Project object */ = {
			isa = PBXProject;
			attributes = {
				LastSwiftUpdateCheck = 1020;
				LastUpgradeCheck = 1020;
				ORGANIZATIONNAME = "Lesha Miroshnik";
				TargetAttributes = {
					9055E0DE2257CDE0005B5EA2 = {
						CreatedOnToolsVersion = 10.2;
					};
				};
			};
			buildConfigurationList = 9055E0DA2257CDE0005B5EA2 /* Build configuration list for PBXProject "Tweety" */;
			compatibilityVersion = "Xcode 9.3";
			developmentRegion = en;
			hasScannedForEncodings = 0;
			knownRegions = (
				en,
				Base,
			);
			mainGroup = 9055E0D62257CDE0005B5EA2;
			productRefGroup = 9055E0E02257CDE0005B5EA2 /* Products */;
			projectDirPath = "";
			projectRoot = "";
			targets = (
				9055E0DE2257CDE0005B5EA2 /* Tweety */,
			);
		};
/* End PBXProject section */

/* Begin PBXResourcesBuildPhase section */
		9055E0DD2257CDE0005B5EA2 /* Resources */ = {
			isa = PBXResourcesBuildPhase;
			buildActionMask = 2147483647;
			files = (
				9055E0ED2257CDE1005B5EA2 /* LaunchScreen.storyboard in Resources */,
				9055E0EA2257CDE1005B5EA2 /* Assets.xcassets in Resources */,
				9055E0E82257CDE0005B5EA2 /* Main.storyboard in Resources */,
			);
			runOnlyForDeploymentPostprocessing = 0;
		};
/* End PBXResourcesBuildPhase section */

/* Begin PBXSourcesBuildPhase section */
		9055E0DB2257CDE0005B5EA2 /* Sources */ = {
			isa = PBXSourcesBuildPhase;
			buildActionMask = 2147483647;
			files = (
				9055E0E52257CDE0005B5EA2 /* ViewController.swift in Sources */,
				9055E1002258EF6F005B5EA2 /* TweetInfoCell.swift in Sources */,
				9055E0F52257CE2C005B5EA2 /* Data.swift in Sources */,
				9055E0E32257CDE0005B5EA2 /* AppDelegate.swift in Sources */,
				9055E0F72257D840005B5EA2 /* APITwitterDelegate.swift in Sources */,
				9055E0FB2257D95A005B5EA2 /* APIController.swift in Sources */,
			);
			runOnlyForDeploymentPostprocessing = 0;
		};
/* End PBXSourcesBuildPhase section */

/* Begin PBXVariantGroup section */
		9055E0E62257CDE0005B5EA2 /* Main.storyboard */ = {
			isa = PBXVariantGroup;
			children = (
				9055E0E72257CDE0005B5EA2 /* Base */,
			);
			name = Main.storyboard;
			sourceTree = "<group>";
		};
		9055E0EB2257CDE1005B5EA2 /* LaunchScreen.storyboard */ = {
			isa = PBXVariantGroup;
			children = (
				9055E0EC2257CDE1005B5EA2 /* Base */,
			);
			name = LaunchScreen.storyboard;
			sourceTree = "<group>";
		};
/* End PBXVariantGroup section */

/* Begin XCBuildConfiguration section */
		9055E0EF2257CDE1005B5EA2 /* Debug */ = {
			isa = XCBuildConfiguration;
			buildSettings = {
				ALWAYS_SEARCH_USER_PATHS = NO;
				CLANG_ANALYZER_NONNULL = YES;
				CLANG_ANALYZER_NUMBER_OBJECT_CONVERSION = YES_AGGRESSIVE;
				CLANG_CXX_LANGUAGE_STANDARD = "gnu++14";
				CLANG_CXX_LIBRARY = "libc++";
				CLANG_ENABLE_MODULES = YES;
				CLANG_ENABLE_OBJC_ARC = YES;
				CLANG_ENABLE_OBJC_WEAK = YES;
				CLANG_WARN_BLOCK_CAPTURE_AUTORELEASING = YES;
				CLANG_WARN_BOOL_CONVERSION = YES;
				CLANG_WARN_COMMA = YES;
				CLANG_WARN_CONSTANT_CONVERSION = YES;
				CLANG_WARN_DEPRECATED_OBJC_IMPLEMENTATIONS = YES;
				CLANG_WARN_DIRECT_OBJC_ISA_USAGE = YES_ERROR;
				CLANG_WARN_DOCUMENTATION_COMMENTS = YES;
				CLANG_WARN_EMPTY_BODY = YES;
				CLANG_WARN_ENUM_CONVERSION = YES;
				CLANG_WARN_INFINITE_RECURSION = YES;
				CLANG_WARN_INT_CONVERSION = YES;
				CLANG_WARN_NON_LITERAL_NULL_CONVERSION = YES;
				CLANG_WARN_OBJC_IMPLICIT_RETAIN_SELF = YES;
				CLANG_WARN_OBJC_LITERAL_CONVERSION = YES;
				CLANG_WARN_OBJC_ROOT_CLASS = YES_ERROR;
				CLANG_WARN_RANGE_LOOP_ANALYSIS = YES;
				CLANG_WARN_STRICT_PROTOTYPES = YES;
				CLANG_WARN_SUSPICIOUS_MOVE = YES;
				CLANG_WARN_UNGUARDED_AVAILABILITY = YES_AGGRESSIVE;
				CLANG_WARN_UNREACHABLE_CODE = YES;
				CLANG_WARN__DUPLICATE_METHOD_MATCH = YES;
				CODE_SIGN_IDENTITY = "iPhone Developer";
				COPY_PHASE_STRIP = NO;
				DEBUG_INFORMATION_FORMAT = dwarf;
				ENABLE_STRICT_OBJC_MSGSEND = YES;
				ENABLE_TESTABILITY = YES;
				GCC_C_LANGUAGE_STANDARD = gnu11;
				GCC_DYNAMIC_NO_PIC = NO;
				GCC_NO_COMMON_BLOCKS = YES;
				GCC_OPTIMIZATION_LEVEL = 0;
				GCC_PREPROCESSOR_DEFINITIONS = (
					"DEBUG=1",
					"$(inherited)",
				);
				GCC_WARN_64_TO_32_BIT_CONVERSION = YES;
				GCC_WARN_ABOUT_RETURN_TYPE = YES_ERROR;
				GCC_WARN_UNDECLARED_SELECTOR = YES;
				GCC_WARN_UNINITIALIZED_AUTOS = YES_AGGRESSIVE;
				GCC_WARN_UNUSED_FUNCTION = YES;
				GCC_WARN_UNUSED_VARIABLE = YES;
				IPHONEOS_DEPLOYMENT_TARGET = 12.2;
				MTL_ENABLE_DEBUG_INFO = INCLUDE_SOURCE;
				MTL_FAST_MATH = YES;
				ONLY_ACTIVE_ARCH = YES;
				SDKROOT = iphoneos;
				SWIFT_ACTIVE_COMPILATION_CONDITIONS = DEBUG;
				SWIFT_OPTIMIZATION_LEVEL = "-Onone";
			};
			name = Debug;
		};
		9055E0F02257CDE1005B5EA2 /* Release */ = {
			isa = XCBuildConfiguration;
			buildSettings = {
				ALWAYS_SEARCH_USER_PATHS = NO;
				CLANG_ANALYZER_NONNULL = YES;
				CLANG_ANALYZER_NUMBER_OBJECT_CONVERSION = YES_AGGRESSIVE;
				CLANG_CXX_LANGUAGE_STANDARD = "gnu++14";
				CLANG_CXX_LIBRARY = "libc++";
				CLANG_ENABLE_MODULES = YES;
				CLANG_ENABLE_OBJC_ARC = YES;
				CLANG_ENABLE_OBJC_WEAK = YES;
				CLANG_WARN_BLOCK_CAPTURE_AUTORELEASING = YES;
				CLANG_WARN_BOOL_CONVERSION = YES;
				CLANG_WARN_COMMA = YES;
				CLANG_WARN_CONSTANT_CONVERSION = YES;
				CLANG_WARN_DEPRECATED_OBJC_IMPLEMENTATIONS = YES;
				CLANG_WARN_DIRECT_OBJC_ISA_USAGE = YES_ERROR;
				CLANG_WARN_DOCUMENTATION_COMMENTS = YES;
				CLANG_WARN_EMPTY_BODY = YES;
				CLANG_WARN_ENUM_CONVERSION = YES;
				CLANG_WARN_INFINITE_RECURSION = YES;
				CLANG_WARN_INT_CONVERSION = YES;
				CLANG_WARN_NON_LITERAL_NULL_CONVERSION = YES;
				CLANG_WARN_OBJC_IMPLICIT_RETAIN_SELF = YES;
				CLANG_WARN_OBJC_LITERAL_CONVERSION = YES;
				CLANG_WARN_OBJC_ROOT_CLASS = YES_ERROR;
				CLANG_WARN_RANGE_LOOP_ANALYSIS = YES;
				CLANG_WARN_STRICT_PROTOTYPES = YES;
				CLANG_WARN_SUSPICIOUS_MOVE = YES;
				CLANG_WARN_UNGUARDED_AVAILABILITY = YES_AGGRESSIVE;
				CLANG_WARN_UNREACHABLE_CODE = YES;
				CLANG_WARN__DUPLICATE_METHOD_MATCH = YES;
				CODE_SIGN_IDENTITY = "iPhone Developer";
				COPY_PHASE_STRIP = NO;
				DEBUG_INFORMATION_FORMAT = "dwarf-with-dsym";
				ENABLE_NS_ASSERTIONS = NO;
				ENABLE_STRICT_OBJC_MSGSEND = YES;
				GCC_C_LANGUAGE_STANDARD = gnu11;
				GCC_NO_COMMON_BLOCKS = YES;
				GCC_WARN_64_TO_32_BIT_CONVERSION = YES;
				GCC_WARN_ABOUT_RETURN_TYPE = YES_ERROR;
				GCC_WARN_UNDECLARED_SELECTOR = YES;
				GCC_WARN_UNINITIALIZED_AUTOS = YES_AGGRESSIVE;
				GCC_WARN_UNUSED_FUNCTION = YES;
				GCC_WARN_UNUSED_VARIABLE = YES;
				IPHONEOS_DEPLOYMENT_TARGET = 12.2;
				MTL_ENABLE_DEBUG_INFO = NO;
				MTL_FAST_MATH = YES;
				SDKROOT = iphoneos;
				SWIFT_COMPILATION_MODE = wholemodule;
				SWIFT_OPTIMIZATION_LEVEL = "-O";
				VALIDATE_PRODUCT = YES;
			};
			name = Release;
		};
		9055E0F22257CDE1005B5EA2 /* Debug */ = {
			isa = XCBuildConfiguration;
			buildSettings = {
				ASSETCATALOG_COMPILER_APPICON_NAME = AppIcon;
				CODE_SIGN_STYLE = Automatic;
				DEVELOPMENT_TEAM = 49Y6L4T525;
				INFOPLIST_FILE = Tweety/Info.plist;
				IPHONEOS_DEPLOYMENT_TARGET = 12.1;
				LD_RUNPATH_SEARCH_PATHS = (
					"$(inherited)",
					"@executable_path/Frameworks",
				);
				PRODUCT_BUNDLE_IDENTIFIER = day04.Tweety;
				PRODUCT_NAME = "$(TARGET_NAME)";
				SWIFT_VERSION = 5.0;
				TARGETED_DEVICE_FAMILY = "1,2";
			};
			name = Debug;
		};
		9055E0F32257CDE1005B5EA2 /* Release */ = {
			isa = XCBuildConfiguration;
			buildSettings = {
				ASSETCATALOG_COMPILER_APPICON_NAME = AppIcon;
				CODE_SIGN_STYLE = Automatic;
				DEVELOPMENT_TEAM = 49Y6L4T525;
				INFOPLIST_FILE = Tweety/Info.plist;
				IPHONEOS_DEPLOYMENT_TARGET = 12.1;
				LD_RUNPATH_SEARCH_PATHS = (
					"$(inherited)",
					"@executable_path/Frameworks",
				);
				PRODUCT_BUNDLE_IDENTIFIER = day04.Tweety;
				PRODUCT_NAME = "$(TARGET_NAME)";
				SWIFT_VERSION = 5.0;
				TARGETED_DEVICE_FAMILY = "1,2";
			};
			name = Release;
		};
/* End XCBuildConfiguration section */

/* Begin XCConfigurationList section */
		9055E0DA2257CDE0005B5EA2 /* Build configuration list for PBXProject "Tweety" */ = {
			isa = XCConfigurationList;
			buildConfigurations = (
				9055E0EF2257CDE1005B5EA2 /* Debug */,
				9055E0F02257CDE1005B5EA2 /* Release */,
			);
			defaultConfigurationIsVisible = 0;
			defaultConfigurationName = Release;
		};
		9055E0F12257CDE1005B5EA2 /* Build configuration list for PBXNativeTarget "Tweety" */ = {
			isa = XCConfigurationList;
			buildConfigurations = (
				9055E0F22257CDE1005B5EA2 /* Debug */,
				9055E0F32257CDE1005B5EA2 /* Release */,
			);
			defaultConfigurationIsVisible = 0;
			defaultConfigurationName = Release;
		};
/* End XCConfigurationList section */
	};
	rootObject = 9055E0D72257CDE0005B5EA2 /* Project object */;
}
